// !$*UTF8*$!
{
	archiveVersion = 1;
	classes = {
	};
	objectVersion = 55;
	objects = {

/* Begin PBXBuildFile section */
		1E2DDCCC2869EF820019A28D /* FetchIssueReactor.swift in Sources */ = {isa = PBXBuildFile; fileRef = 1E2DDCCB2869EF820019A28D /* FetchIssueReactor.swift */; };
		1E2DDCCE2869F0240019A28D /* IssueEntity.swift in Sources */ = {isa = PBXBuildFile; fileRef = 1E2DDCCD2869F0240019A28D /* IssueEntity.swift */; };
		1E96DF4F285F012800E64DC2 /* AppDelegate.swift in Sources */ = {isa = PBXBuildFile; fileRef = 1E96DF4E285F012800E64DC2 /* AppDelegate.swift */; };
		1E96DF51285F012800E64DC2 /* SceneDelegate.swift in Sources */ = {isa = PBXBuildFile; fileRef = 1E96DF50285F012800E64DC2 /* SceneDelegate.swift */; };
		1E96DF53285F012800E64DC2 /* FetchIssueViewController.swift in Sources */ = {isa = PBXBuildFile; fileRef = 1E96DF52285F012800E64DC2 /* FetchIssueViewController.swift */; };
		1E96DF58285F012900E64DC2 /* Assets.xcassets in Resources */ = {isa = PBXBuildFile; fileRef = 1E96DF57285F012900E64DC2 /* Assets.xcassets */; };
		1E96DF5B285F012900E64DC2 /* LaunchScreen.storyboard in Resources */ = {isa = PBXBuildFile; fileRef = 1E96DF59285F012900E64DC2 /* LaunchScreen.storyboard */; };
		ABB62EB9C767F7EBBDC4CAB9 /* Pods_RxGitPracticeApp.framework in Frameworks */ = {isa = PBXBuildFile; fileRef = D5153D182ABB9F8A1F75DB41 /* Pods_RxGitPracticeApp.framework */; };
/* End PBXBuildFile section */

/* Begin PBXFileReference section */
		1E2DDCCB2869EF820019A28D /* FetchIssueReactor.swift */ = {isa = PBXFileReference; lastKnownFileType = sourcecode.swift; path = FetchIssueReactor.swift; sourceTree = "<group>"; };
		1E2DDCCD2869F0240019A28D /* IssueEntity.swift */ = {isa = PBXFileReference; lastKnownFileType = sourcecode.swift; path = IssueEntity.swift; sourceTree = "<group>"; };
		1E96DF4B285F012800E64DC2 /* RxGitPracticeApp.app */ = {isa = PBXFileReference; explicitFileType = wrapper.application; includeInIndex = 0; path = RxGitPracticeApp.app; sourceTree = BUILT_PRODUCTS_DIR; };
		1E96DF4E285F012800E64DC2 /* AppDelegate.swift */ = {isa = PBXFileReference; lastKnownFileType = sourcecode.swift; path = AppDelegate.swift; sourceTree = "<group>"; };
		1E96DF50285F012800E64DC2 /* SceneDelegate.swift */ = {isa = PBXFileReference; lastKnownFileType = sourcecode.swift; path = SceneDelegate.swift; sourceTree = "<group>"; };
		1E96DF52285F012800E64DC2 /* FetchIssueViewController.swift */ = {isa = PBXFileReference; lastKnownFileType = sourcecode.swift; path = FetchIssueViewController.swift; sourceTree = "<group>"; };
		1E96DF57285F012900E64DC2 /* Assets.xcassets */ = {isa = PBXFileReference; lastKnownFileType = folder.assetcatalog; path = Assets.xcassets; sourceTree = "<group>"; };
		1E96DF5A285F012900E64DC2 /* Base */ = {isa = PBXFileReference; lastKnownFileType = file.storyboard; name = Base; path = Base.lproj/LaunchScreen.storyboard; sourceTree = "<group>"; };
		1E96DF5C285F012900E64DC2 /* Info.plist */ = {isa = PBXFileReference; lastKnownFileType = text.plist.xml; path = Info.plist; sourceTree = "<group>"; };
		1E96DF62285F0CB900E64DC2 /* RxPlayground.playground */ = {isa = PBXFileReference; lastKnownFileType = file.playground; path = RxPlayground.playground; sourceTree = "<group>"; xcLanguageSpecificationIdentifier = xcode.lang.swift; };
		32893E5E8BE7B416F647D2DB /* Pods-RxGitPracticeApp.debug.xcconfig */ = {isa = PBXFileReference; includeInIndex = 1; lastKnownFileType = text.xcconfig; name = "Pods-RxGitPracticeApp.debug.xcconfig"; path = "Target Support Files/Pods-RxGitPracticeApp/Pods-RxGitPracticeApp.debug.xcconfig"; sourceTree = "<group>"; };
		A7D4B502CD96245B65625234 /* Pods-RxGitPracticeApp.release.xcconfig */ = {isa = PBXFileReference; includeInIndex = 1; lastKnownFileType = text.xcconfig; name = "Pods-RxGitPracticeApp.release.xcconfig"; path = "Target Support Files/Pods-RxGitPracticeApp/Pods-RxGitPracticeApp.release.xcconfig"; sourceTree = "<group>"; };
		D5153D182ABB9F8A1F75DB41 /* Pods_RxGitPracticeApp.framework */ = {isa = PBXFileReference; explicitFileType = wrapper.framework; includeInIndex = 0; path = Pods_RxGitPracticeApp.framework; sourceTree = BUILT_PRODUCTS_DIR; };
/* End PBXFileReference section */

/* Begin PBXFrameworksBuildPhase section */
		1E96DF48285F012800E64DC2 /* Frameworks */ = {
			isa = PBXFrameworksBuildPhase;
			buildActionMask = 2147483647;
			files = (
				ABB62EB9C767F7EBBDC4CAB9 /* Pods_RxGitPracticeApp.framework in Frameworks */,
			);
			runOnlyForDeploymentPostprocessing = 0;
		};
/* End PBXFrameworksBuildPhase section */

/* Begin PBXGroup section */
		06C177554280032973B7A55A /* Pods */ = {
			isa = PBXGroup;
			children = (
				32893E5E8BE7B416F647D2DB /* Pods-RxGitPracticeApp.debug.xcconfig */,
				A7D4B502CD96245B65625234 /* Pods-RxGitPracticeApp.release.xcconfig */,
			);
			path = Pods;
			sourceTree = "<group>";
		};
		1E96DF42285F012800E64DC2 = {
			isa = PBXGroup;
			children = (
				1E96DF63285F0CD300E64DC2 /* Playground */,
				1E96DF4D285F012800E64DC2 /* RxGitPracticeApp */,
				1E96DF4C285F012800E64DC2 /* Products */,
				06C177554280032973B7A55A /* Pods */,
				49A4E6FC61A5B47BE8FCD02E /* Frameworks */,
			);
			sourceTree = "<group>";
		};
		1E96DF4C285F012800E64DC2 /* Products */ = {
			isa = PBXGroup;
			children = (
				1E96DF4B285F012800E64DC2 /* RxGitPracticeApp.app */,
			);
			name = Products;
			sourceTree = "<group>";
		};
		1E96DF4D285F012800E64DC2 /* RxGitPracticeApp */ = {
			isa = PBXGroup;
			children = (
				1E96DF4E285F012800E64DC2 /* AppDelegate.swift */,
				1E96DF50285F012800E64DC2 /* SceneDelegate.swift */,
				1E96DF52285F012800E64DC2 /* FetchIssueViewController.swift */,
				1E2DDCCB2869EF820019A28D /* FetchIssueReactor.swift */,
				1E2DDCCD2869F0240019A28D /* IssueEntity.swift */,
				1E96DF57285F012900E64DC2 /* Assets.xcassets */,
				1E96DF59285F012900E64DC2 /* LaunchScreen.storyboard */,
				1E96DF5C285F012900E64DC2 /* Info.plist */,
			);
			path = RxGitPracticeApp;
			sourceTree = "<group>";
		};
		1E96DF63285F0CD300E64DC2 /* Playground */ = {
			isa = PBXGroup;
			children = (
				1E96DF62285F0CB900E64DC2 /* RxPlayground.playground */,
			);
			path = Playground;
			sourceTree = "<group>";
		};
		49A4E6FC61A5B47BE8FCD02E /* Frameworks */ = {
			isa = PBXGroup;
			children = (
				D5153D182ABB9F8A1F75DB41 /* Pods_RxGitPracticeApp.framework */,
			);
			name = Frameworks;
			sourceTree = "<group>";
		};
/* End PBXGroup section */

/* Begin PBXNativeTarget section */
		1E96DF4A285F012800E64DC2 /* RxGitPracticeApp */ = {
			isa = PBXNativeTarget;
			buildConfigurationList = 1E96DF5F285F012900E64DC2 /* Build configuration list for PBXNativeTarget "RxGitPracticeApp" */;
			buildPhases = (
				718B898A7634BDDA7CC0D442 /* [CP] Check Pods Manifest.lock */,
				1E96DF47285F012800E64DC2 /* Sources */,
				1E96DF48285F012800E64DC2 /* Frameworks */,
				1E96DF49285F012800E64DC2 /* Resources */,
				33997C6D2FFBFC12E0050C03 /* [CP] Embed Pods Frameworks */,
			);
			buildRules = (
			);
			dependencies = (
			);
			name = RxGitPracticeApp;
			productName = RxGitPracticeApp;
			productReference = 1E96DF4B285F012800E64DC2 /* RxGitPracticeApp.app */;
			productType = "com.apple.product-type.application";
		};
/* End PBXNativeTarget section */

/* Begin PBXProject section */
		1E96DF43285F012800E64DC2 /* Project object */ = {
			isa = PBXProject;
			attributes = {
				BuildIndependentTargetsInParallel = 1;
				LastSwiftUpdateCheck = 1340;
				LastUpgradeCheck = 1340;
				TargetAttributes = {
					1E96DF4A285F012800E64DC2 = {
						CreatedOnToolsVersion = 13.4;
					};
				};
			};
			buildConfigurationList = 1E96DF46285F012800E64DC2 /* Build configuration list for PBXProject "RxGitPracticeApp" */;
			compatibilityVersion = "Xcode 13.0";
			developmentRegion = en;
			hasScannedForEncodings = 0;
			knownRegions = (
				en,
				Base,
			);
			mainGroup = 1E96DF42285F012800E64DC2;
			productRefGroup = 1E96DF4C285F012800E64DC2 /* Products */;
			projectDirPath = "";
			projectRoot = "";
			targets = (
				1E96DF4A285F012800E64DC2 /* RxGitPracticeApp */,
			);
		};
/* End PBXProject section */

/* Begin PBXResourcesBuildPhase section */
		1E96DF49285F012800E64DC2 /* Resources */ = {
			isa = PBXResourcesBuildPhase;
			buildActionMask = 2147483647;
			files = (
				1E96DF5B285F012900E64DC2 /* LaunchScreen.storyboard in Resources */,
				1E96DF58285F012900E64DC2 /* Assets.xcassets in Resources */,
			);
			runOnlyForDeploymentPostprocessing = 0;
		};
/* End PBXResourcesBuildPhase section */

/* Begin PBXShellScriptBuildPhase section */
		33997C6D2FFBFC12E0050C03 /* [CP] Embed Pods Frameworks */ = {
			isa = PBXShellScriptBuildPhase;
			buildActionMask = 2147483647;
			files = (
			);
			inputFileListPaths = (
				"${PODS_ROOT}/Target Support Files/Pods-RxGitPracticeApp/Pods-RxGitPracticeApp-frameworks-${CONFIGURATION}-input-files.xcfilelist",
			);
			name = "[CP] Embed Pods Frameworks";
			outputFileListPaths = (
				"${PODS_ROOT}/Target Support Files/Pods-RxGitPracticeApp/Pods-RxGitPracticeApp-frameworks-${CONFIGURATION}-output-files.xcfilelist",
			);
			runOnlyForDeploymentPostprocessing = 0;
			shellPath = /bin/sh;
			shellScript = "\"${PODS_ROOT}/Target Support Files/Pods-RxGitPracticeApp/Pods-RxGitPracticeApp-frameworks.sh\"\n";
			showEnvVarsInLog = 0;
		};
		718B898A7634BDDA7CC0D442 /* [CP] Check Pods Manifest.lock */ = {
			isa = PBXShellScriptBuildPhase;
			buildActionMask = 2147483647;
			files = (
			);
			inputFileListPaths = (
			);
			inputPaths = (
				"${PODS_PODFILE_DIR_PATH}/Podfile.lock",
				"${PODS_ROOT}/Manifest.lock",
			);
			name = "[CP] Check Pods Manifest.lock";
			outputFileListPaths = (
			);
			outputPaths = (
				"$(DERIVED_FILE_DIR)/Pods-RxGitPracticeApp-checkManifestLockResult.txt",
			);
			runOnlyForDeploymentPostprocessing = 0;
			shellPath = /bin/sh;
			shellScript = "diff \"${PODS_PODFILE_DIR_PATH}/Podfile.lock\" \"${PODS_ROOT}/Manifest.lock\" > /dev/null\nif [ $? != 0 ] ; then\n    # print error to STDERR\n    echo \"error: The sandbox is not in sync with the Podfile.lock. Run 'pod install' or update your CocoaPods installation.\" >&2\n    exit 1\nfi\n# This output is used by Xcode 'outputs' to avoid re-running this script phase.\necho \"SUCCESS\" > \"${SCRIPT_OUTPUT_FILE_0}\"\n";
			showEnvVarsInLog = 0;
		};
/* End PBXShellScriptBuildPhase section */

/* Begin PBXSourcesBuildPhase section */
		1E96DF47285F012800E64DC2 /* Sources */ = {
			isa = PBXSourcesBuildPhase;
			buildActionMask = 2147483647;
			files = (
				1E2DDCCE2869F0240019A28D /* IssueEntity.swift in Sources */,
				1E96DF53285F012800E64DC2 /* FetchIssueViewController.swift in Sources */,
				1E96DF4F285F012800E64DC2 /* AppDelegate.swift in Sources */,
				1E96DF51285F012800E64DC2 /* SceneDelegate.swift in Sources */,
				1E2DDCCC2869EF820019A28D /* FetchIssueReactor.swift in Sources */,
			);
			runOnlyForDeploymentPostprocessing = 0;
		};
/* End PBXSourcesBuildPhase section */

/* Begin PBXVariantGroup section */
		1E96DF59285F012900E64DC2 /* LaunchScreen.storyboard */ = {
			isa = PBXVariantGroup;
			children = (
				1E96DF5A285F012900E64DC2 /* Base */,
			);
			name = LaunchScreen.storyboard;
			sourceTree = "<group>";
		};
/* End PBXVariantGroup section */

/* Begin XCBuildConfiguration section */
		1E96DF5D285F012900E64DC2 /* Debug */ = {
			isa = XCBuildConfiguration;
			buildSettings = {
				ALWAYS_SEARCH_USER_PATHS = NO;
				CLANG_ANALYZER_NONNULL = YES;
				CLANG_ANALYZER_NUMBER_OBJECT_CONVERSION = YES_AGGRESSIVE;
				CLANG_CXX_LANGUAGE_STANDARD = "gnu++17";
				CLANG_ENABLE_MODULES = YES;
				CLANG_ENABLE_OBJC_ARC = YES;
				CLANG_ENABLE_OBJC_WEAK = YES;
				CLANG_WARN_BLOCK_CAPTURE_AUTORELEASING = YES;
				CLANG_WARN_BOOL_CONVERSION = YES;
				CLANG_WARN_COMMA = YES;
				CLANG_WARN_CONSTANT_CONVERSION = YES;
				CLANG_WARN_DEPRECATED_OBJC_IMPLEMENTATIONS = YES;
				CLANG_WARN_DIRECT_OBJC_ISA_USAGE = YES_ERROR;
				CLANG_WARN_DOCUMENTATION_COMMENTS = YES;
				CLANG_WARN_EMPTY_BODY = YES;
				CLANG_WARN_ENUM_CONVERSION = YES;
				CLANG_WARN_INFINITE_RECURSION = YES;
				CLANG_WARN_INT_CONVERSION = YES;
				CLANG_WARN_NON_LITERAL_NULL_CONVERSION = YES;
				CLANG_WARN_OBJC_IMPLICIT_RETAIN_SELF = YES;
				CLANG_WARN_OBJC_LITERAL_CONVERSION = YES;
				CLANG_WARN_OBJC_ROOT_CLASS = YES_ERROR;
				CLANG_WARN_QUOTED_INCLUDE_IN_FRAMEWORK_HEADER = YES;
				CLANG_WARN_RANGE_LOOP_ANALYSIS = YES;
				CLANG_WARN_STRICT_PROTOTYPES = YES;
				CLANG_WARN_SUSPICIOUS_MOVE = YES;
				CLANG_WARN_UNGUARDED_AVAILABILITY = YES_AGGRESSIVE;
				CLANG_WARN_UNREACHABLE_CODE = YES;
				CLANG_WARN__DUPLICATE_METHOD_MATCH = YES;
				COPY_PHASE_STRIP = NO;
				DEBUG_INFORMATION_FORMAT = dwarf;
				ENABLE_STRICT_OBJC_MSGSEND = YES;
				ENABLE_TESTABILITY = YES;
				GCC_C_LANGUAGE_STANDARD = gnu11;
				GCC_DYNAMIC_NO_PIC = NO;
				GCC_NO_COMMON_BLOCKS = YES;
				GCC_OPTIMIZATION_LEVEL = 0;
				GCC_PREPROCESSOR_DEFINITIONS = (
					"DEBUG=1",
					"$(inherited)",
				);
				GCC_WARN_64_TO_32_BIT_CONVERSION = YES;
				GCC_WARN_ABOUT_RETURN_TYPE = YES_ERROR;
				GCC_WARN_UNDECLARED_SELECTOR = YES;
				GCC_WARN_UNINITIALIZED_AUTOS = YES_AGGRESSIVE;
				GCC_WARN_UNUSED_FUNCTION = YES;
				GCC_WARN_UNUSED_VARIABLE = YES;
				IPHONEOS_DEPLOYMENT_TARGET = 15.5;
				MTL_ENABLE_DEBUG_INFO = INCLUDE_SOURCE;
				MTL_FAST_MATH = YES;
				ONLY_ACTIVE_ARCH = YES;
				SDKROOT = iphoneos;
				SWIFT_ACTIVE_COMPILATION_CONDITIONS = DEBUG;
				SWIFT_OPTIMIZATION_LEVEL = "-Onone";
			};
			name = Debug;
		};
		1E96DF5E285F012900E64DC2 /* Release */ = {
			isa = XCBuildConfiguration;
			buildSettings = {
				ALWAYS_SEARCH_USER_PATHS = NO;
				CLANG_ANALYZER_NONNULL = YES;
				CLANG_ANALYZER_NUMBER_OBJECT_CONVERSION = YES_AGGRESSIVE;
				CLANG_CXX_LANGUAGE_STANDARD = "gnu++17";
				CLANG_ENABLE_MODULES = YES;
				CLANG_ENABLE_OBJC_ARC = YES;
				CLANG_ENABLE_OBJC_WEAK = YES;
				CLANG_WARN_BLOCK_CAPTURE_AUTORELEASING = YES;
				CLANG_WARN_BOOL_CONVERSION = YES;
				CLANG_WARN_COMMA = YES;
				CLANG_WARN_CONSTANT_CONVERSION = YES;
				CLANG_WARN_DEPRECATED_OBJC_IMPLEMENTATIONS = YES;
				CLANG_WARN_DIRECT_OBJC_ISA_USAGE = YES_ERROR;
				CLANG_WARN_DOCUMENTATION_COMMENTS = YES;
				CLANG_WARN_EMPTY_BODY = YES;
				CLANG_WARN_ENUM_CONVERSION = YES;
				CLANG_WARN_INFINITE_RECURSION = YES;
				CLANG_WARN_INT_CONVERSION = YES;
				CLANG_WARN_NON_LITERAL_NULL_CONVERSION = YES;
				CLANG_WARN_OBJC_IMPLICIT_RETAIN_SELF = YES;
				CLANG_WARN_OBJC_LITERAL_CONVERSION = YES;
				CLANG_WARN_OBJC_ROOT_CLASS = YES_ERROR;
				CLANG_WARN_QUOTED_INCLUDE_IN_FRAMEWORK_HEADER = YES;
				CLANG_WARN_RANGE_LOOP_ANALYSIS = YES;
				CLANG_WARN_STRICT_PROTOTYPES = YES;
				CLANG_WARN_SUSPICIOUS_MOVE = YES;
				CLANG_WARN_UNGUARDED_AVAILABILITY = YES_AGGRESSIVE;
				CLANG_WARN_UNREACHABLE_CODE = YES;
				CLANG_WARN__DUPLICATE_METHOD_MATCH = YES;
				COPY_PHASE_STRIP = NO;
				DEBUG_INFORMATION_FORMAT = "dwarf-with-dsym";
				ENABLE_NS_ASSERTIONS = NO;
				ENABLE_STRICT_OBJC_MSGSEND = YES;
				GCC_C_LANGUAGE_STANDARD = gnu11;
				GCC_NO_COMMON_BLOCKS = YES;
				GCC_WARN_64_TO_32_BIT_CONVERSION = YES;
				GCC_WARN_ABOUT_RETURN_TYPE = YES_ERROR;
				GCC_WARN_UNDECLARED_SELECTOR = YES;
				GCC_WARN_UNINITIALIZED_AUTOS = YES_AGGRESSIVE;
				GCC_WARN_UNUSED_FUNCTION = YES;
				GCC_WARN_UNUSED_VARIABLE = YES;
				IPHONEOS_DEPLOYMENT_TARGET = 15.5;
				MTL_ENABLE_DEBUG_INFO = NO;
				MTL_FAST_MATH = YES;
				SDKROOT = iphoneos;
				SWIFT_COMPILATION_MODE = wholemodule;
				SWIFT_OPTIMIZATION_LEVEL = "-O";
				VALIDATE_PRODUCT = YES;
			};
			name = Release;
		};
		1E96DF60285F012900E64DC2 /* Debug */ = {
			isa = XCBuildConfiguration;
			baseConfigurationReference = 32893E5E8BE7B416F647D2DB /* Pods-RxGitPracticeApp.debug.xcconfig */;
			buildSettings = {
				ASSETCATALOG_COMPILER_APPICON_NAME = AppIcon;
				ASSETCATALOG_COMPILER_GLOBAL_ACCENT_COLOR_NAME = AccentColor;
				CODE_SIGN_STYLE = Automatic;
				CURRENT_PROJECT_VERSION = 1;
				DEVELOPMENT_TEAM = MPN6WL3W3U;
				GENERATE_INFOPLIST_FILE = YES;
				INFOPLIST_FILE = RxGitPracticeApp/Info.plist;
				INFOPLIST_KEY_UIApplicationSupportsIndirectInputEvents = YES;
				INFOPLIST_KEY_UILaunchStoryboardName = LaunchScreen;
				INFOPLIST_KEY_UISupportedInterfaceOrientations_iPad = "UIInterfaceOrientationPortrait UIInterfaceOrientationPortraitUpsideDown UIInterfaceOrientationLandscapeLeft UIInterfaceOrientationLandscapeRight";
				INFOPLIST_KEY_UISupportedInterfaceOrientations_iPhone = "UIInterfaceOrientationPortrait UIInterfaceOrientationLandscapeLeft UIInterfaceOrientationLandscapeRight";
				LD_RUNPATH_SEARCH_PATHS = (
					"$(inherited)",
					"@executable_path/Frameworks",
				);
				MARKETING_VERSION = 1.0;
				PRODUCT_BUNDLE_IDENTIFIER = com.sanghyeok.test.RxGitPracticeApp;
				PRODUCT_NAME = "$(TARGET_NAME)";
				SWIFT_EMIT_LOC_STRINGS = YES;
				SWIFT_VERSION = 5.0;
				TARGETED_DEVICE_FAMILY = "1,2";
			};
			name = Debug;
		};
		1E96DF61285F012900E64DC2 /* Release */ = {
			isa = XCBuildConfiguration;
			baseConfigurationReference = A7D4B502CD96245B65625234 /* Pods-RxGitPracticeApp.release.xcconfig */;
			buildSettings = {
				ASSETCATALOG_COMPILER_APPICON_NAME = AppIcon;
				ASSETCATALOG_COMPILER_GLOBAL_ACCENT_COLOR_NAME = AccentColor;
				CODE_SIGN_STYLE = Automatic;
				CURRENT_PROJECT_VERSION = 1;
				DEVELOPMENT_TEAM = MPN6WL3W3U;
				GENERATE_INFOPLIST_FILE = YES;
				INFOPLIST_FILE = RxGitPracticeApp/Info.plist;
				INFOPLIST_KEY_UIApplicationSupportsIndirectInputEvents = YES;
				INFOPLIST_KEY_UILaunchStoryboardName = LaunchScreen;
				INFOPLIST_KEY_UISupportedInterfaceOrientations_iPad = "UIInterfaceOrientationPortrait UIInterfaceOrientationPortraitUpsideDown UIInterfaceOrientationLandscapeLeft UIInterfaceOrientationLandscapeRight";
				INFOPLIST_KEY_UISupportedInterfaceOrientations_iPhone = "UIInterfaceOrientationPortrait UIInterfaceOrientationLandscapeLeft UIInterfaceOrientationLandscapeRight";
				LD_RUNPATH_SEARCH_PATHS = (
					"$(inherited)",
					"@executable_path/Frameworks",
				);
				MARKETING_VERSION = 1.0;
				PRODUCT_BUNDLE_IDENTIFIER = com.sanghyeok.test.RxGitPracticeApp;
				PRODUCT_NAME = "$(TARGET_NAME)";
				SWIFT_EMIT_LOC_STRINGS = YES;
				SWIFT_VERSION = 5.0;
				TARGETED_DEVICE_FAMILY = "1,2";
			};
			name = Release;
		};
/* End XCBuildConfiguration section */

/* Begin XCConfigurationList section */
		1E96DF46285F012800E64DC2 /* Build configuration list for PBXProject "RxGitPracticeApp" */ = {
			isa = XCConfigurationList;
			buildConfigurations = (
				1E96DF5D285F012900E64DC2 /* Debug */,
				1E96DF5E285F012900E64DC2 /* Release */,
			);
			defaultConfigurationIsVisible = 0;
			defaultConfigurationName = Release;
		};
		1E96DF5F285F012900E64DC2 /* Build configuration list for PBXNativeTarget "RxGitPracticeApp" */ = {
			isa = XCConfigurationList;
			buildConfigurations = (
				1E96DF60285F012900E64DC2 /* Debug */,
				1E96DF61285F012900E64DC2 /* Release */,
			);
			defaultConfigurationIsVisible = 0;
			defaultConfigurationName = Release;
		};
/* End XCConfigurationList section */
	};
	rootObject = 1E96DF43285F012800E64DC2 /* Project object */;
}
